
Microsoft Visual Studio Solution File, Format Version 12.00
# Visual Studio Version 17
VisualStudioVersion = 17.8.34408.163
MinimumVisualStudioVersion = 10.0.40219.1
Project("{FAE04EC0-301F-11D3-BF4B-00C04F79EFBC}") = "Lab2", "Lab2\Lab2.csproj", "{C38E12C5-F599-4EAE-9B2F-5074D9950F67}"
EndProject
Global
	GlobalSection(SolutionConfigurationPlatforms) = preSolution
		Debug|Any CPU = Debug|Any CPU
		Release|Any CPU = Release|Any CPU
	EndGlobalSection
	GlobalSection(ProjectConfigurationPlatforms) = postSolution
		{C38E12C5-F599-4EAE-9B2F-5074D9950F67}.Debug|Any CPU.ActiveCfg = Debug|Any CPU
		{C38E12C5-F599-4EAE-9B2F-5074D9950F67}.Debug|Any CPU.Build.0 = Debug|Any CPU
		{C38E12C5-F599-4EAE-9B2F-5074D9950F67}.Release|Any CPU.ActiveCfg = Release|Any CPU
		{C38E12C5-F599-4EAE-9B2F-5074D9950F67}.Release|Any CPU.Build.0 = Release|Any CPU
	EndGlobalSection
	GlobalSection(SolutionProperties) = preSolution
		HideSolutionNode = FALSE
	EndGlobalSection
	GlobalSection(ExtensibilityGlobals) = postSolution
		SolutionGuid = {C0962B39-15F1-4C83-8033-A3617E8D8FA3}
	EndGlobalSection
EndGlobal
